// !$*UTF8*$!
{
	archiveVersion = 1;
	classes = {
	};
	objectVersion = 51;
	objects = {

/* Begin PBXBuildFile section */
		4C5B7C61EC18EE0222337E89 /* Pods_Fitness_App.framework in Frameworks */ = {isa = PBXBuildFile; fileRef = 73DF9A0BE86BC898BCD0A0F2 /* Pods_Fitness_App.framework */; };
		AD06CC22267A14B400ED9C80 /* PrimaryButtonStyle.swift in Sources */ = {isa = PBXBuildFile; fileRef = AD06CC21267A14B400ED9C80 /* PrimaryButtonStyle.swift */; };
		AD06CC25267A161200ED9C80 /* Color+Extension.swift in Sources */ = {isa = PBXBuildFile; fileRef = AD06CC24267A161200ED9C80 /* Color+Extension.swift */; };
		AD06CC28267A2BD800ED9C80 /* CreateView.swift in Sources */ = {isa = PBXBuildFile; fileRef = AD06CC27267A2BD800ED9C80 /* CreateView.swift */; };
		AD06CC2C267A3F2A00ED9C80 /* DropDownView.swift in Sources */ = {isa = PBXBuildFile; fileRef = AD06CC2B267A3F2A00ED9C80 /* DropDownView.swift */; };
		AD19153F267B57F100C2FFC6 /* RemindView.swift in Sources */ = {isa = PBXBuildFile; fileRef = AD19153E267B57F100C2FFC6 /* RemindView.swift */; };
		AD191543267B5D1B00C2FFC6 /* CreateChallengeViewModel.swift in Sources */ = {isa = PBXBuildFile; fileRef = AD191542267B5D1B00C2FFC6 /* CreateChallengeViewModel.swift */; };
		AD191546267B5DFE00C2FFC6 /* DropDownItemProtocol.swift in Sources */ = {isa = PBXBuildFile; fileRef = AD191545267B5DFE00C2FFC6 /* DropDownItemProtocol.swift */; };
		AD1BFA33268F436600A0DE2C /* IncrementError.swift in Sources */ = {isa = PBXBuildFile; fileRef = AD1BFA32268F436600A0DE2C /* IncrementError.swift */; };
		AD3276A5268CA56C007C0DA8 /* Challenge.swift in Sources */ = {isa = PBXBuildFile; fileRef = AD3276A4268CA56C007C0DA8 /* Challenge.swift */; };
		AD3276A8268CA668007C0DA8 /* ChallengeService.swift in Sources */ = {isa = PBXBuildFile; fileRef = AD3276A7268CA668007C0DA8 /* ChallengeService.swift */; };
		AD4229A5268C6CC300B65170 /* UserServices.swift in Sources */ = {isa = PBXBuildFile; fileRef = AD4229A4268C6CC300B65170 /* UserServices.swift */; };
		AD49D205268B10FA0036231E /* GoogleService-Info.plist in Resources */ = {isa = PBXBuildFile; fileRef = AD49D204268B10FA0036231E /* GoogleService-Info.plist */; };
		AD5148EF267A08B2003255A7 /* Fitness_AppApp.swift in Sources */ = {isa = PBXBuildFile; fileRef = AD5148EE267A08B2003255A7 /* Fitness_AppApp.swift */; };
		AD5148F1267A08B2003255A7 /* LandingView.swift in Sources */ = {isa = PBXBuildFile; fileRef = AD5148F0267A08B2003255A7 /* LandingView.swift */; };
		AD5148F3267A08B5003255A7 /* Assets.xcassets in Resources */ = {isa = PBXBuildFile; fileRef = AD5148F2267A08B5003255A7 /* Assets.xcassets */; };
		AD5148F6267A08B5003255A7 /* Preview Assets.xcassets in Resources */ = {isa = PBXBuildFile; fileRef = AD5148F5267A08B5003255A7 /* Preview Assets.xcassets */; };
/* End PBXBuildFile section */

/* Begin PBXFileReference section */
		73DF9A0BE86BC898BCD0A0F2 /* Pods_Fitness_App.framework */ = {isa = PBXFileReference; explicitFileType = wrapper.framework; includeInIndex = 0; path = Pods_Fitness_App.framework; sourceTree = BUILT_PRODUCTS_DIR; };
		AD06CC21267A14B400ED9C80 /* PrimaryButtonStyle.swift */ = {isa = PBXFileReference; lastKnownFileType = sourcecode.swift; path = PrimaryButtonStyle.swift; sourceTree = "<group>"; };
		AD06CC24267A161200ED9C80 /* Color+Extension.swift */ = {isa = PBXFileReference; lastKnownFileType = sourcecode.swift; path = "Color+Extension.swift"; sourceTree = "<group>"; };
		AD06CC27267A2BD800ED9C80 /* CreateView.swift */ = {isa = PBXFileReference; lastKnownFileType = sourcecode.swift; path = CreateView.swift; sourceTree = "<group>"; };
		AD06CC2B267A3F2A00ED9C80 /* DropDownView.swift */ = {isa = PBXFileReference; lastKnownFileType = sourcecode.swift; path = DropDownView.swift; sourceTree = "<group>"; };
		AD19153E267B57F100C2FFC6 /* RemindView.swift */ = {isa = PBXFileReference; lastKnownFileType = sourcecode.swift; path = RemindView.swift; sourceTree = "<group>"; };
		AD191542267B5D1B00C2FFC6 /* CreateChallengeViewModel.swift */ = {isa = PBXFileReference; lastKnownFileType = sourcecode.swift; path = CreateChallengeViewModel.swift; sourceTree = "<group>"; };
		AD191545267B5DFE00C2FFC6 /* DropDownItemProtocol.swift */ = {isa = PBXFileReference; lastKnownFileType = sourcecode.swift; path = DropDownItemProtocol.swift; sourceTree = "<group>"; };
		AD1BFA32268F436600A0DE2C /* IncrementError.swift */ = {isa = PBXFileReference; lastKnownFileType = sourcecode.swift; path = IncrementError.swift; sourceTree = "<group>"; };
		AD3276A4268CA56C007C0DA8 /* Challenge.swift */ = {isa = PBXFileReference; lastKnownFileType = sourcecode.swift; path = Challenge.swift; sourceTree = "<group>"; };
		AD3276A7268CA668007C0DA8 /* ChallengeService.swift */ = {isa = PBXFileReference; lastKnownFileType = sourcecode.swift; path = ChallengeService.swift; sourceTree = "<group>"; };
		AD4229A4268C6CC300B65170 /* UserServices.swift */ = {isa = PBXFileReference; lastKnownFileType = sourcecode.swift; path = UserServices.swift; sourceTree = "<group>"; };
		AD49D204268B10FA0036231E /* GoogleService-Info.plist */ = {isa = PBXFileReference; fileEncoding = 4; lastKnownFileType = text.plist.xml; path = "GoogleService-Info.plist"; sourceTree = "<group>"; };
		AD5148EB267A08B2003255A7 /* Fitness App.app */ = {isa = PBXFileReference; explicitFileType = wrapper.application; includeInIndex = 0; path = "Fitness App.app"; sourceTree = BUILT_PRODUCTS_DIR; };
		AD5148EE267A08B2003255A7 /* Fitness_AppApp.swift */ = {isa = PBXFileReference; lastKnownFileType = sourcecode.swift; path = Fitness_AppApp.swift; sourceTree = "<group>"; };
		AD5148F0267A08B2003255A7 /* LandingView.swift */ = {isa = PBXFileReference; lastKnownFileType = sourcecode.swift; path = LandingView.swift; sourceTree = "<group>"; };
		AD5148F2267A08B5003255A7 /* Assets.xcassets */ = {isa = PBXFileReference; lastKnownFileType = folder.assetcatalog; path = Assets.xcassets; sourceTree = "<group>"; };
		AD5148F5267A08B5003255A7 /* Preview Assets.xcassets */ = {isa = PBXFileReference; lastKnownFileType = folder.assetcatalog; path = "Preview Assets.xcassets"; sourceTree = "<group>"; };
		AD5148F7267A08B5003255A7 /* Info.plist */ = {isa = PBXFileReference; lastKnownFileType = text.plist.xml; path = Info.plist; sourceTree = "<group>"; };
		CC755C9AFBA0B81514C7D131 /* Pods-Fitness App.release.xcconfig */ = {isa = PBXFileReference; includeInIndex = 1; lastKnownFileType = text.xcconfig; name = "Pods-Fitness App.release.xcconfig"; path = "Target Support Files/Pods-Fitness App/Pods-Fitness App.release.xcconfig"; sourceTree = "<group>"; };
		EC40FC9E9E8DDB2C7BBAA119 /* Pods-Fitness App.debug.xcconfig */ = {isa = PBXFileReference; includeInIndex = 1; lastKnownFileType = text.xcconfig; name = "Pods-Fitness App.debug.xcconfig"; path = "Target Support Files/Pods-Fitness App/Pods-Fitness App.debug.xcconfig"; sourceTree = "<group>"; };
/* End PBXFileReference section */

/* Begin PBXFrameworksBuildPhase section */
		AD5148E8267A08B2003255A7 /* Frameworks */ = {
			isa = PBXFrameworksBuildPhase;
			buildActionMask = 2147483647;
			files = (
				4C5B7C61EC18EE0222337E89 /* Pods_Fitness_App.framework in Frameworks */,
			);
			runOnlyForDeploymentPostprocessing = 0;
		};
/* End PBXFrameworksBuildPhase section */

/* Begin PBXGroup section */
		1BD75D13F500E61979F73ED0 /* Frameworks */ = {
			isa = PBXGroup;
			children = (
				73DF9A0BE86BC898BCD0A0F2 /* Pods_Fitness_App.framework */,
			);
			name = Frameworks;
			sourceTree = "<group>";
		};
		692F6A92C50D26CE79AA2077 /* Pods */ = {
			isa = PBXGroup;
			children = (
				EC40FC9E9E8DDB2C7BBAA119 /* Pods-Fitness App.debug.xcconfig */,
				CC755C9AFBA0B81514C7D131 /* Pods-Fitness App.release.xcconfig */,
			);
			path = Pods;
			sourceTree = "<group>";
		};
		AD191541267B5CEE00C2FFC6 /* ViewModels */ = {
			isa = PBXGroup;
			children = (
				AD191542267B5D1B00C2FFC6 /* CreateChallengeViewModel.swift */,
				AD191545267B5DFE00C2FFC6 /* DropDownItemProtocol.swift */,
			);
			path = ViewModels;
			sourceTree = "<group>";
		};
		AD3276A3268CA557007C0DA8 /* Models */ = {
			isa = PBXGroup;
			children = (
				AD3276A4268CA56C007C0DA8 /* Challenge.swift */,
			);
			path = Models;
			sourceTree = "<group>";
		};
		AD4229A3268C6CA800B65170 /* Services */ = {
			isa = PBXGroup;
			children = (
				AD4229A4268C6CC300B65170 /* UserServices.swift */,
				AD3276A7268CA668007C0DA8 /* ChallengeService.swift */,
			);
			path = Services;
			sourceTree = "<group>";
		};
		AD5148E2267A08B2003255A7 = {
			isa = PBXGroup;
			children = (
				AD5148ED267A08B2003255A7 /* Fitness App */,
				AD5148EC267A08B2003255A7 /* Products */,
				692F6A92C50D26CE79AA2077 /* Pods */,
				1BD75D13F500E61979F73ED0 /* Frameworks */,
			);
			sourceTree = "<group>";
		};
		AD5148EC267A08B2003255A7 /* Products */ = {
			isa = PBXGroup;
			children = (
				AD5148EB267A08B2003255A7 /* Fitness App.app */,
			);
			name = Products;
			sourceTree = "<group>";
		};
		AD5148ED267A08B2003255A7 /* Fitness App */ = {
			isa = PBXGroup;
			children = (
				AD3276A3268CA557007C0DA8 /* Models */,
				AD4229A3268C6CA800B65170 /* Services */,
				AD191541267B5CEE00C2FFC6 /* ViewModels */,
				AD5148F0267A08B2003255A7 /* LandingView.swift */,
				AD5148EE267A08B2003255A7 /* Fitness_AppApp.swift */,
				AD06CC27267A2BD800ED9C80 /* CreateView.swift */,
				AD19153E267B57F100C2FFC6 /* RemindView.swift */,
				AD06CC21267A14B400ED9C80 /* PrimaryButtonStyle.swift */,
				AD06CC24267A161200ED9C80 /* Color+Extension.swift */,
				AD06CC2B267A3F2A00ED9C80 /* DropDownView.swift */,
				AD5148F2267A08B5003255A7 /* Assets.xcassets */,
				AD49D204268B10FA0036231E /* GoogleService-Info.plist */,
				AD5148F7267A08B5003255A7 /* Info.plist */,
				AD5148F4267A08B5003255A7 /* Preview Content */,
				AD1BFA32268F436600A0DE2C /* IncrementError.swift */,
			);
			path = "Fitness App";
			sourceTree = "<group>";
		};
		AD5148F4267A08B5003255A7 /* Preview Content */ = {
			isa = PBXGroup;
			children = (
				AD5148F5267A08B5003255A7 /* Preview Assets.xcassets */,
			);
			path = "Preview Content";
			sourceTree = "<group>";
		};
/* End PBXGroup section */

/* Begin PBXNativeTarget section */
		AD5148EA267A08B2003255A7 /* Fitness App */ = {
			isa = PBXNativeTarget;
			buildConfigurationList = AD5148FA267A08B5003255A7 /* Build configuration list for PBXNativeTarget "Fitness App" */;
			buildPhases = (
				9894736018A9945C5344A09A /* [CP] Check Pods Manifest.lock */,
				AD5148E7267A08B2003255A7 /* Sources */,
				AD5148E8267A08B2003255A7 /* Frameworks */,
				AD5148E9267A08B2003255A7 /* Resources */,
				BA081399F3824E0742242E78 /* [CP] Embed Pods Frameworks */,
			);
			buildRules = (
			);
			dependencies = (
			);
			name = "Fitness App";
			productName = "Fitness App";
			productReference = AD5148EB267A08B2003255A7 /* Fitness App.app */;
			productType = "com.apple.product-type.application";
		};
/* End PBXNativeTarget section */

/* Begin PBXProject section */
		AD5148E3267A08B2003255A7 /* Project object */ = {
			isa = PBXProject;
			attributes = {
				LastSwiftUpdateCheck = 1240;
				LastUpgradeCheck = 1240;
				TargetAttributes = {
					AD5148EA267A08B2003255A7 = {
						CreatedOnToolsVersion = 12.4;
					};
				};
			};
			buildConfigurationList = AD5148E6267A08B2003255A7 /* Build configuration list for PBXProject "Fitness App" */;
			compatibilityVersion = "Xcode 9.3";
			developmentRegion = en;
			hasScannedForEncodings = 0;
			knownRegions = (
				en,
				Base,
			);
			mainGroup = AD5148E2267A08B2003255A7;
			productRefGroup = AD5148EC267A08B2003255A7 /* Products */;
			projectDirPath = "";
			projectRoot = "";
			targets = (
				AD5148EA267A08B2003255A7 /* Fitness App */,
			);
		};
/* End PBXProject section */

/* Begin PBXResourcesBuildPhase section */
		AD5148E9267A08B2003255A7 /* Resources */ = {
			isa = PBXResourcesBuildPhase;
			buildActionMask = 2147483647;
			files = (
				AD5148F6267A08B5003255A7 /* Preview Assets.xcassets in Resources */,
				AD5148F3267A08B5003255A7 /* Assets.xcassets in Resources */,
				AD49D205268B10FA0036231E /* GoogleService-Info.plist in Resources */,
			);
			runOnlyForDeploymentPostprocessing = 0;
		};
/* End PBXResourcesBuildPhase section */

/* Begin PBXShellScriptBuildPhase section */
		9894736018A9945C5344A09A /* [CP] Check Pods Manifest.lock */ = {
			isa = PBXShellScriptBuildPhase;
			buildActionMask = 2147483647;
			files = (
			);
			inputFileListPaths = (
			);
			inputPaths = (
				"${PODS_PODFILE_DIR_PATH}/Podfile.lock",
				"${PODS_ROOT}/Manifest.lock",
			);
			name = "[CP] Check Pods Manifest.lock";
			outputFileListPaths = (
			);
			outputPaths = (
				"$(DERIVED_FILE_DIR)/Pods-Fitness App-checkManifestLockResult.txt",
			);
			runOnlyForDeploymentPostprocessing = 0;
			shellPath = /bin/sh;
			shellScript = "diff \"${PODS_PODFILE_DIR_PATH}/Podfile.lock\" \"${PODS_ROOT}/Manifest.lock\" > /dev/null\nif [ $? != 0 ] ; then\n    # print error to STDERR\n    echo \"error: The sandbox is not in sync with the Podfile.lock. Run 'pod install' or update your CocoaPods installation.\" >&2\n    exit 1\nfi\n# This output is used by Xcode 'outputs' to avoid re-running this script phase.\necho \"SUCCESS\" > \"${SCRIPT_OUTPUT_FILE_0}\"\n";
			showEnvVarsInLog = 0;
		};
		BA081399F3824E0742242E78 /* [CP] Embed Pods Frameworks */ = {
			isa = PBXShellScriptBuildPhase;
			buildActionMask = 2147483647;
			files = (
			);
			inputFileListPaths = (
				"${PODS_ROOT}/Target Support Files/Pods-Fitness App/Pods-Fitness App-frameworks-${CONFIGURATION}-input-files.xcfilelist",
			);
			name = "[CP] Embed Pods Frameworks";
			outputFileListPaths = (
				"${PODS_ROOT}/Target Support Files/Pods-Fitness App/Pods-Fitness App-frameworks-${CONFIGURATION}-output-files.xcfilelist",
			);
			runOnlyForDeploymentPostprocessing = 0;
			shellPath = /bin/sh;
			shellScript = "\"${PODS_ROOT}/Target Support Files/Pods-Fitness App/Pods-Fitness App-frameworks.sh\"\n";
			showEnvVarsInLog = 0;
		};
/* End PBXShellScriptBuildPhase section */

/* Begin PBXSourcesBuildPhase section */
		AD5148E7267A08B2003255A7 /* Sources */ = {
			isa = PBXSourcesBuildPhase;
			buildActionMask = 2147483647;
			files = (
				AD06CC22267A14B400ED9C80 /* PrimaryButtonStyle.swift in Sources */,
				AD5148F1267A08B2003255A7 /* LandingView.swift in Sources */,
				AD4229A5268C6CC300B65170 /* UserServices.swift in Sources */,
				AD5148EF267A08B2003255A7 /* Fitness_AppApp.swift in Sources */,
				AD3276A5268CA56C007C0DA8 /* Challenge.swift in Sources */,
				AD06CC25267A161200ED9C80 /* Color+Extension.swift in Sources */,
				AD191543267B5D1B00C2FFC6 /* CreateChallengeViewModel.swift in Sources */,
				AD19153F267B57F100C2FFC6 /* RemindView.swift in Sources */,
				AD06CC28267A2BD800ED9C80 /* CreateView.swift in Sources */,
				AD3276A8268CA668007C0DA8 /* ChallengeService.swift in Sources */,
				AD191546267B5DFE00C2FFC6 /* DropDownItemProtocol.swift in Sources */,
				AD06CC2C267A3F2A00ED9C80 /* DropDownView.swift in Sources */,
				AD1BFA33268F436600A0DE2C /* IncrementError.swift in Sources */,
			);
			runOnlyForDeploymentPostprocessing = 0;
		};
/* End PBXSourcesBuildPhase section */

/* Begin XCBuildConfiguration section */
		AD5148F8267A08B5003255A7 /* Debug */ = {
			isa = XCBuildConfiguration;
			buildSettings = {
				ALWAYS_SEARCH_USER_PATHS = NO;
				CLANG_ANALYZER_NONNULL = YES;
				CLANG_ANALYZER_NUMBER_OBJECT_CONVERSION = YES_AGGRESSIVE;
				CLANG_CXX_LANGUAGE_STANDARD = "gnu++14";
				CLANG_CXX_LIBRARY = "libc++";
				CLANG_ENABLE_MODULES = YES;
				CLANG_ENABLE_OBJC_ARC = YES;
				CLANG_ENABLE_OBJC_WEAK = YES;
				CLANG_WARN_BLOCK_CAPTURE_AUTORELEASING = YES;
				CLANG_WARN_BOOL_CONVERSION = YES;
				CLANG_WARN_COMMA = YES;
				CLANG_WARN_CONSTANT_CONVERSION = YES;
				CLANG_WARN_DEPRECATED_OBJC_IMPLEMENTATIONS = YES;
				CLANG_WARN_DIRECT_OBJC_ISA_USAGE = YES_ERROR;
				CLANG_WARN_DOCUMENTATION_COMMENTS = YES;
				CLANG_WARN_EMPTY_BODY = YES;
				CLANG_WARN_ENUM_CONVERSION = YES;
				CLANG_WARN_INFINITE_RECURSION = YES;
				CLANG_WARN_INT_CONVERSION = YES;
				CLANG_WARN_NON_LITERAL_NULL_CONVERSION = YES;
				CLANG_WARN_OBJC_IMPLICIT_RETAIN_SELF = YES;
				CLANG_WARN_OBJC_LITERAL_CONVERSION = YES;
				CLANG_WARN_OBJC_ROOT_CLASS = YES_ERROR;
				CLANG_WARN_QUOTED_INCLUDE_IN_FRAMEWORK_HEADER = YES;
				CLANG_WARN_RANGE_LOOP_ANALYSIS = YES;
				CLANG_WARN_STRICT_PROTOTYPES = YES;
				CLANG_WARN_SUSPICIOUS_MOVE = YES;
				CLANG_WARN_UNGUARDED_AVAILABILITY = YES_AGGRESSIVE;
				CLANG_WARN_UNREACHABLE_CODE = YES;
				CLANG_WARN__DUPLICATE_METHOD_MATCH = YES;
				COPY_PHASE_STRIP = NO;
				DEBUG_INFORMATION_FORMAT = dwarf;
				ENABLE_STRICT_OBJC_MSGSEND = YES;
				ENABLE_TESTABILITY = YES;
				GCC_C_LANGUAGE_STANDARD = gnu11;
				GCC_DYNAMIC_NO_PIC = NO;
				GCC_NO_COMMON_BLOCKS = YES;
				GCC_OPTIMIZATION_LEVEL = 0;
				GCC_PREPROCESSOR_DEFINITIONS = (
					"DEBUG=1",
					"$(inherited)",
				);
				GCC_WARN_64_TO_32_BIT_CONVERSION = YES;
				GCC_WARN_ABOUT_RETURN_TYPE = YES_ERROR;
				GCC_WARN_UNDECLARED_SELECTOR = YES;
				GCC_WARN_UNINITIALIZED_AUTOS = YES_AGGRESSIVE;
				GCC_WARN_UNUSED_FUNCTION = YES;
				GCC_WARN_UNUSED_VARIABLE = YES;
				IPHONEOS_DEPLOYMENT_TARGET = 14.4;
				MTL_ENABLE_DEBUG_INFO = INCLUDE_SOURCE;
				MTL_FAST_MATH = YES;
				ONLY_ACTIVE_ARCH = YES;
				SDKROOT = iphoneos;
				SWIFT_ACTIVE_COMPILATION_CONDITIONS = DEBUG;
				SWIFT_OPTIMIZATION_LEVEL = "-Onone";
			};
			name = Debug;
		};
		AD5148F9267A08B5003255A7 /* Release */ = {
			isa = XCBuildConfiguration;
			buildSettings = {
				ALWAYS_SEARCH_USER_PATHS = NO;
				CLANG_ANALYZER_NONNULL = YES;
				CLANG_ANALYZER_NUMBER_OBJECT_CONVERSION = YES_AGGRESSIVE;
				CLANG_CXX_LANGUAGE_STANDARD = "gnu++14";
				CLANG_CXX_LIBRARY = "libc++";
				CLANG_ENABLE_MODULES = YES;
				CLANG_ENABLE_OBJC_ARC = YES;
				CLANG_ENABLE_OBJC_WEAK = YES;
				CLANG_WARN_BLOCK_CAPTURE_AUTORELEASING = YES;
				CLANG_WARN_BOOL_CONVERSION = YES;
				CLANG_WARN_COMMA = YES;
				CLANG_WARN_CONSTANT_CONVERSION = YES;
				CLANG_WARN_DEPRECATED_OBJC_IMPLEMENTATIONS = YES;
				CLANG_WARN_DIRECT_OBJC_ISA_USAGE = YES_ERROR;
				CLANG_WARN_DOCUMENTATION_COMMENTS = YES;
				CLANG_WARN_EMPTY_BODY = YES;
				CLANG_WARN_ENUM_CONVERSION = YES;
				CLANG_WARN_INFINITE_RECURSION = YES;
				CLANG_WARN_INT_CONVERSION = YES;
				CLANG_WARN_NON_LITERAL_NULL_CONVERSION = YES;
				CLANG_WARN_OBJC_IMPLICIT_RETAIN_SELF = YES;
				CLANG_WARN_OBJC_LITERAL_CONVERSION = YES;
				CLANG_WARN_OBJC_ROOT_CLASS = YES_ERROR;
				CLANG_WARN_QUOTED_INCLUDE_IN_FRAMEWORK_HEADER = YES;
				CLANG_WARN_RANGE_LOOP_ANALYSIS = YES;
				CLANG_WARN_STRICT_PROTOTYPES = YES;
				CLANG_WARN_SUSPICIOUS_MOVE = YES;
				CLANG_WARN_UNGUARDED_AVAILABILITY = YES_AGGRESSIVE;
				CLANG_WARN_UNREACHABLE_CODE = YES;
				CLANG_WARN__DUPLICATE_METHOD_MATCH = YES;
				COPY_PHASE_STRIP = NO;
				DEBUG_INFORMATION_FORMAT = "dwarf-with-dsym";
				ENABLE_NS_ASSERTIONS = NO;
				ENABLE_STRICT_OBJC_MSGSEND = YES;
				GCC_C_LANGUAGE_STANDARD = gnu11;
				GCC_NO_COMMON_BLOCKS = YES;
				GCC_WARN_64_TO_32_BIT_CONVERSION = YES;
				GCC_WARN_ABOUT_RETURN_TYPE = YES_ERROR;
				GCC_WARN_UNDECLARED_SELECTOR = YES;
				GCC_WARN_UNINITIALIZED_AUTOS = YES_AGGRESSIVE;
				GCC_WARN_UNUSED_FUNCTION = YES;
				GCC_WARN_UNUSED_VARIABLE = YES;
				IPHONEOS_DEPLOYMENT_TARGET = 14.4;
				MTL_ENABLE_DEBUG_INFO = NO;
				MTL_FAST_MATH = YES;
				SDKROOT = iphoneos;
				SWIFT_COMPILATION_MODE = wholemodule;
				SWIFT_OPTIMIZATION_LEVEL = "-O";
				VALIDATE_PRODUCT = YES;
			};
			name = Release;
		};
		AD5148FB267A08B5003255A7 /* Debug */ = {
			isa = XCBuildConfiguration;
			baseConfigurationReference = EC40FC9E9E8DDB2C7BBAA119 /* Pods-Fitness App.debug.xcconfig */;
			buildSettings = {
				ASSETCATALOG_COMPILER_APPICON_NAME = AppIcon;
				ASSETCATALOG_COMPILER_GLOBAL_ACCENT_COLOR_NAME = AccentColor;
				CODE_SIGN_STYLE = Automatic;
				DEVELOPMENT_ASSET_PATHS = "\"Fitness App/Preview Content\"";
				DEVELOPMENT_TEAM = BD5CJ8U5EG;
				ENABLE_PREVIEWS = YES;
				INFOPLIST_FILE = "Fitness App/Info.plist";
				IPHONEOS_DEPLOYMENT_TARGET = 14.0;
				LD_RUNPATH_SEARCH_PATHS = (
					"$(inherited)",
					"@executable_path/Frameworks",
				);
				PRODUCT_BUNDLE_IDENTIFIER = "kaiserdem.Fitness-App";
				PRODUCT_NAME = "$(TARGET_NAME)";
				SWIFT_VERSION = 5.0;
				TARGETED_DEVICE_FAMILY = "1,2";
			};
			name = Debug;
		};
		AD5148FC267A08B5003255A7 /* Release */ = {
			isa = XCBuildConfiguration;
			baseConfigurationReference = CC755C9AFBA0B81514C7D131 /* Pods-Fitness App.release.xcconfig */;
			buildSettings = {
				ASSETCATALOG_COMPILER_APPICON_NAME = AppIcon;
				ASSETCATALOG_COMPILER_GLOBAL_ACCENT_COLOR_NAME = AccentColor;
				CODE_SIGN_STYLE = Automatic;
				DEVELOPMENT_ASSET_PATHS = "\"Fitness App/Preview Content\"";
				DEVELOPMENT_TEAM = BD5CJ8U5EG;
				ENABLE_PREVIEWS = YES;
				INFOPLIST_FILE = "Fitness App/Info.plist";
				IPHONEOS_DEPLOYMENT_TARGET = 14.0;
				LD_RUNPATH_SEARCH_PATHS = (
					"$(inherited)",
					"@executable_path/Frameworks",
				);
				PRODUCT_BUNDLE_IDENTIFIER = "kaiserdem.Fitness-App";
				PRODUCT_NAME = "$(TARGET_NAME)";
				SWIFT_VERSION = 5.0;
				TARGETED_DEVICE_FAMILY = "1,2";
			};
			name = Release;
		};
/* End XCBuildConfiguration section */

/* Begin XCConfigurationList section */
		AD5148E6267A08B2003255A7 /* Build configuration list for PBXProject "Fitness App" */ = {
			isa = XCConfigurationList;
			buildConfigurations = (
				AD5148F8267A08B5003255A7 /* Debug */,
				AD5148F9267A08B5003255A7 /* Release */,
			);
			defaultConfigurationIsVisible = 0;
			defaultConfigurationName = Release;
		};
		AD5148FA267A08B5003255A7 /* Build configuration list for PBXNativeTarget "Fitness App" */ = {
			isa = XCConfigurationList;
			buildConfigurations = (
				AD5148FB267A08B5003255A7 /* Debug */,
				AD5148FC267A08B5003255A7 /* Release */,
			);
			defaultConfigurationIsVisible = 0;
			defaultConfigurationName = Release;
		};
/* End XCConfigurationList section */
	};
	rootObject = AD5148E3267A08B2003255A7 /* Project object */;
}
